
Microsoft Visual Studio Solution File, Format Version 12.00
# Visual Studio Version 17
VisualStudioVersion = 17.7.34024.191
MinimumVisualStudioVersion = 10.0.40219.1
Project("{FAE04EC0-301F-11D3-BF4B-00C04F79EFBC}") = "Enum_Proj", "Enum_Proj\Enum_Proj.csproj", "{3CBF603E-4950-4B08-AB50-7A5B6E271982}"
EndProject
Global
	GlobalSection(SolutionConfigurationPlatforms) = preSolution
		Debug|Any CPU = Debug|Any CPU
		Release|Any CPU = Release|Any CPU
	EndGlobalSection
	GlobalSection(ProjectConfigurationPlatforms) = postSolution
		{3CBF603E-4950-4B08-AB50-7A5B6E271982}.Debug|Any CPU.ActiveCfg = Debug|Any CPU
		{3CBF603E-4950-4B08-AB50-7A5B6E271982}.Debug|Any CPU.Build.0 = Debug|Any CPU
		{3CBF603E-4950-4B08-AB50-7A5B6E271982}.Release|Any CPU.ActiveCfg = Release|Any CPU
		{3CBF603E-4950-4B08-AB50-7A5B6E271982}.Release|Any CPU.Build.0 = Release|Any CPU
	EndGlobalSection
	GlobalSection(SolutionProperties) = preSolution
		HideSolutionNode = FALSE
	EndGlobalSection
	GlobalSection(ExtensibilityGlobals) = postSolution
		SolutionGuid = {B523109D-1D47-46C3-A831-0100797E255F}
	EndGlobalSection
EndGlobal
